// !$*UTF8*$!
{
	archiveVersion = 1;
	classes = {
	};
	objectVersion = 56;
	objects = {

/* Begin PBXBuildFile section */
		897A24B829747F1C00179D1F /* SlidersColor2_0_SwiftUIApp.swift in Sources */ = {isa = PBXBuildFile; fileRef = 897A24B729747F1C00179D1F /* SlidersColor2_0_SwiftUIApp.swift */; };
		897A24BA29747F1C00179D1F /* ContentView.swift in Sources */ = {isa = PBXBuildFile; fileRef = 897A24B929747F1C00179D1F /* ContentView.swift */; };
		897A24BC29747F1C00179D1F /* Assets.xcassets in Resources */ = {isa = PBXBuildFile; fileRef = 897A24BB29747F1C00179D1F /* Assets.xcassets */; };
		897A24BF29747F1C00179D1F /* Preview Assets.xcassets in Resources */ = {isa = PBXBuildFile; fileRef = 897A24BE29747F1C00179D1F /* Preview Assets.xcassets */; };
		897A24C629747F3900179D1F /* ColorView.swift in Sources */ = {isa = PBXBuildFile; fileRef = 897A24C529747F3900179D1F /* ColorView.swift */; };
		897A24C829747F5D00179D1F /* LabelValue.swift in Sources */ = {isa = PBXBuildFile; fileRef = 897A24C729747F5D00179D1F /* LabelValue.swift */; };
		897A24CA29747F7E00179D1F /* SliderView.swift in Sources */ = {isa = PBXBuildFile; fileRef = 897A24C929747F7E00179D1F /* SliderView.swift */; };
		897A24CC2974801600179D1F /* TextFields.swift in Sources */ = {isa = PBXBuildFile; fileRef = 897A24CB2974801600179D1F /* TextFields.swift */; };
/* End PBXBuildFile section */

/* Begin PBXFileReference section */
		897A24B429747F1C00179D1F /* SlidersColor2.0_SwiftUI.app */ = {isa = PBXFileReference; explicitFileType = wrapper.application; includeInIndex = 0; path = SlidersColor2.0_SwiftUI.app; sourceTree = BUILT_PRODUCTS_DIR; };
		897A24B729747F1C00179D1F /* SlidersColor2_0_SwiftUIApp.swift */ = {isa = PBXFileReference; lastKnownFileType = sourcecode.swift; path = SlidersColor2_0_SwiftUIApp.swift; sourceTree = "<group>"; };
		897A24B929747F1C00179D1F /* ContentView.swift */ = {isa = PBXFileReference; lastKnownFileType = sourcecode.swift; path = ContentView.swift; sourceTree = "<group>"; };
		897A24BB29747F1C00179D1F /* Assets.xcassets */ = {isa = PBXFileReference; lastKnownFileType = folder.assetcatalog; path = Assets.xcassets; sourceTree = "<group>"; };
		897A24BE29747F1C00179D1F /* Preview Assets.xcassets */ = {isa = PBXFileReference; lastKnownFileType = folder.assetcatalog; path = "Preview Assets.xcassets"; sourceTree = "<group>"; };
		897A24C529747F3900179D1F /* ColorView.swift */ = {isa = PBXFileReference; lastKnownFileType = sourcecode.swift; path = ColorView.swift; sourceTree = "<group>"; };
		897A24C729747F5D00179D1F /* LabelValue.swift */ = {isa = PBXFileReference; lastKnownFileType = sourcecode.swift; path = LabelValue.swift; sourceTree = "<group>"; };
		897A24C929747F7E00179D1F /* SliderView.swift */ = {isa = PBXFileReference; lastKnownFileType = sourcecode.swift; path = SliderView.swift; sourceTree = "<group>"; };
		897A24CB2974801600179D1F /* TextFields.swift */ = {isa = PBXFileReference; lastKnownFileType = sourcecode.swift; path = TextFields.swift; sourceTree = "<group>"; };
/* End PBXFileReference section */

/* Begin PBXFrameworksBuildPhase section */
		897A24B129747F1C00179D1F /* Frameworks */ = {
			isa = PBXFrameworksBuildPhase;
			buildActionMask = 2147483647;
			files = (
			);
			runOnlyForDeploymentPostprocessing = 0;
		};
/* End PBXFrameworksBuildPhase section */

/* Begin PBXGroup section */
		897A24AB29747F1C00179D1F = {
			isa = PBXGroup;
			children = (
				897A24B629747F1C00179D1F /* SlidersColor2.0_SwiftUI */,
				897A24B529747F1C00179D1F /* Products */,
			);
			sourceTree = "<group>";
		};
		897A24B529747F1C00179D1F /* Products */ = {
			isa = PBXGroup;
			children = (
				897A24B429747F1C00179D1F /* SlidersColor2.0_SwiftUI.app */,
			);
			name = Products;
			sourceTree = "<group>";
		};
		897A24B629747F1C00179D1F /* SlidersColor2.0_SwiftUI */ = {
			isa = PBXGroup;
			children = (
				897A24C529747F3900179D1F /* ColorView.swift */,
				897A24C729747F5D00179D1F /* LabelValue.swift */,
				897A24C929747F7E00179D1F /* SliderView.swift */,
				897A24B929747F1C00179D1F /* ContentView.swift */,
				897A24B729747F1C00179D1F /* SlidersColor2_0_SwiftUIApp.swift */,
				897A24CB2974801600179D1F /* TextFields.swift */,
				897A24BB29747F1C00179D1F /* Assets.xcassets */,
				897A24BD29747F1C00179D1F /* Preview Content */,
			);
			path = SlidersColor2.0_SwiftUI;
			sourceTree = "<group>";
		};
		897A24BD29747F1C00179D1F /* Preview Content */ = {
			isa = PBXGroup;
			children = (
				897A24BE29747F1C00179D1F /* Preview Assets.xcassets */,
			);
			path = "Preview Content";
			sourceTree = "<group>";
		};
/* End PBXGroup section */

/* Begin PBXNativeTarget section */
		897A24B329747F1C00179D1F /* SlidersColor2.0_SwiftUI */ = {
			isa = PBXNativeTarget;
			buildConfigurationList = 897A24C229747F1C00179D1F /* Build configuration list for PBXNativeTarget "SlidersColor2.0_SwiftUI" */;
			buildPhases = (
				897A24B029747F1C00179D1F /* Sources */,
				897A24B129747F1C00179D1F /* Frameworks */,
				897A24B229747F1C00179D1F /* Resources */,
			);
			buildRules = (
			);
			dependencies = (
			);
			name = SlidersColor2.0_SwiftUI;
			productName = SlidersColor2.0_SwiftUI;
			productReference = 897A24B429747F1C00179D1F /* SlidersColor2.0_SwiftUI.app */;
			productType = "com.apple.product-type.application";
		};
/* End PBXNativeTarget section */

/* Begin PBXProject section */
		897A24AC29747F1C00179D1F /* Project object */ = {
			isa = PBXProject;
			attributes = {
				BuildIndependentTargetsInParallel = 1;
				LastSwiftUpdateCheck = 1400;
				LastUpgradeCheck = 1400;
				TargetAttributes = {
					897A24B329747F1C00179D1F = {
						CreatedOnToolsVersion = 14.0.1;
					};
				};
			};
			buildConfigurationList = 897A24AF29747F1C00179D1F /* Build configuration list for PBXProject "SlidersColor2.0_SwiftUI" */;
			compatibilityVersion = "Xcode 14.0";
			developmentRegion = en;
			hasScannedForEncodings = 0;
			knownRegions = (
				en,
				Base,
			);
			mainGroup = 897A24AB29747F1C00179D1F;
			productRefGroup = 897A24B529747F1C00179D1F /* Products */;
			projectDirPath = "";
			projectRoot = "";
			targets = (
				897A24B329747F1C00179D1F /* SlidersColor2.0_SwiftUI */,
			);
		};
/* End PBXProject section */

/* Begin PBXResourcesBuildPhase section */
		897A24B229747F1C00179D1F /* Resources */ = {
			isa = PBXResourcesBuildPhase;
			buildActionMask = 2147483647;
			files = (
				897A24BF29747F1C00179D1F /* Preview Assets.xcassets in Resources */,
				897A24BC29747F1C00179D1F /* Assets.xcassets in Resources */,
			);
			runOnlyForDeploymentPostprocessing = 0;
		};
/* End PBXResourcesBuildPhase section */

/* Begin PBXSourcesBuildPhase section */
		897A24B029747F1C00179D1F /* Sources */ = {
			isa = PBXSourcesBuildPhase;
			buildActionMask = 2147483647;
			files = (
				897A24C829747F5D00179D1F /* LabelValue.swift in Sources */,
				897A24C629747F3900179D1F /* ColorView.swift in Sources */,
				897A24BA29747F1C00179D1F /* ContentView.swift in Sources */,
				897A24B829747F1C00179D1F /* SlidersColor2_0_SwiftUIApp.swift in Sources */,
				897A24CA29747F7E00179D1F /* SliderView.swift in Sources */,
				897A24CC2974801600179D1F /* TextFields.swift in Sources */,
			);
			runOnlyForDeploymentPostprocessing = 0;
		};
/* End PBXSourcesBuildPhase section */

/* Begin XCBuildConfiguration section */
		897A24C029747F1C00179D1F /* Debug */ = {
			isa = XCBuildConfiguration;
			buildSettings = {
				ALWAYS_SEARCH_USER_PATHS = NO;
				CLANG_ANALYZER_NONNULL = YES;
				CLANG_ANALYZER_NUMBER_OBJECT_CONVERSION = YES_AGGRESSIVE;
				CLANG_CXX_LANGUAGE_STANDARD = "gnu++20";
				CLANG_ENABLE_MODULES = YES;
				CLANG_ENABLE_OBJC_ARC = YES;
				CLANG_ENABLE_OBJC_WEAK = YES;
				CLANG_WARN_BLOCK_CAPTURE_AUTORELEASING = YES;
				CLANG_WARN_BOOL_CONVERSION = YES;
				CLANG_WARN_COMMA = YES;
				CLANG_WARN_CONSTANT_CONVERSION = YES;
				CLANG_WARN_DEPRECATED_OBJC_IMPLEMENTATIONS = YES;
				CLANG_WARN_DIRECT_OBJC_ISA_USAGE = YES_ERROR;
				CLANG_WARN_DOCUMENTATION_COMMENTS = YES;
				CLANG_WARN_EMPTY_BODY = YES;
				CLANG_WARN_ENUM_CONVERSION = YES;
				CLANG_WARN_INFINITE_RECURSION = YES;
				CLANG_WARN_INT_CONVERSION = YES;
				CLANG_WARN_NON_LITERAL_NULL_CONVERSION = YES;
				CLANG_WARN_OBJC_IMPLICIT_RETAIN_SELF = YES;
				CLANG_WARN_OBJC_LITERAL_CONVERSION = YES;
				CLANG_WARN_OBJC_ROOT_CLASS = YES_ERROR;
				CLANG_WARN_QUOTED_INCLUDE_IN_FRAMEWORK_HEADER = YES;
				CLANG_WARN_RANGE_LOOP_ANALYSIS = YES;
				CLANG_WARN_STRICT_PROTOTYPES = YES;
				CLANG_WARN_SUSPICIOUS_MOVE = YES;
				CLANG_WARN_UNGUARDED_AVAILABILITY = YES_AGGRESSIVE;
				CLANG_WARN_UNREACHABLE_CODE = YES;
				CLANG_WARN__DUPLICATE_METHOD_MATCH = YES;
				COPY_PHASE_STRIP = NO;
				DEBUG_INFORMATION_FORMAT = dwarf;
				ENABLE_STRICT_OBJC_MSGSEND = YES;
				ENABLE_TESTABILITY = YES;
				GCC_C_LANGUAGE_STANDARD = gnu11;
				GCC_DYNAMIC_NO_PIC = NO;
				GCC_NO_COMMON_BLOCKS = YES;
				GCC_OPTIMIZATION_LEVEL = 0;
				GCC_PREPROCESSOR_DEFINITIONS = (
					"DEBUG=1",
					"$(inherited)",
				);
				GCC_WARN_64_TO_32_BIT_CONVERSION = YES;
				GCC_WARN_ABOUT_RETURN_TYPE = YES_ERROR;
				GCC_WARN_UNDECLARED_SELECTOR = YES;
				GCC_WARN_UNINITIALIZED_AUTOS = YES_AGGRESSIVE;
				GCC_WARN_UNUSED_FUNCTION = YES;
				GCC_WARN_UNUSED_VARIABLE = YES;
				IPHONEOS_DEPLOYMENT_TARGET = 16.0;
				MTL_ENABLE_DEBUG_INFO = INCLUDE_SOURCE;
				MTL_FAST_MATH = YES;
				ONLY_ACTIVE_ARCH = YES;
				SDKROOT = iphoneos;
				SWIFT_ACTIVE_COMPILATION_CONDITIONS = DEBUG;
				SWIFT_OPTIMIZATION_LEVEL = "-Onone";
			};
			name = Debug;
		};
		897A24C129747F1C00179D1F /* Release */ = {
			isa = XCBuildConfiguration;
			buildSettings = {
				ALWAYS_SEARCH_USER_PATHS = NO;
				CLANG_ANALYZER_NONNULL = YES;
				CLANG_ANALYZER_NUMBER_OBJECT_CONVERSION = YES_AGGRESSIVE;
				CLANG_CXX_LANGUAGE_STANDARD = "gnu++20";
				CLANG_ENABLE_MODULES = YES;
				CLANG_ENABLE_OBJC_ARC = YES;
				CLANG_ENABLE_OBJC_WEAK = YES;
				CLANG_WARN_BLOCK_CAPTURE_AUTORELEASING = YES;
				CLANG_WARN_BOOL_CONVERSION = YES;
				CLANG_WARN_COMMA = YES;
				CLANG_WARN_CONSTANT_CONVERSION = YES;
				CLANG_WARN_DEPRECATED_OBJC_IMPLEMENTATIONS = YES;
				CLANG_WARN_DIRECT_OBJC_ISA_USAGE = YES_ERROR;
				CLANG_WARN_DOCUMENTATION_COMMENTS = YES;
				CLANG_WARN_EMPTY_BODY = YES;
				CLANG_WARN_ENUM_CONVERSION = YES;
				CLANG_WARN_INFINITE_RECURSION = YES;
				CLANG_WARN_INT_CONVERSION = YES;
				CLANG_WARN_NON_LITERAL_NULL_CONVERSION = YES;
				CLANG_WARN_OBJC_IMPLICIT_RETAIN_SELF = YES;
				CLANG_WARN_OBJC_LITERAL_CONVERSION = YES;
				CLANG_WARN_OBJC_ROOT_CLASS = YES_ERROR;
				CLANG_WARN_QUOTED_INCLUDE_IN_FRAMEWORK_HEADER = YES;
				CLANG_WARN_RANGE_LOOP_ANALYSIS = YES;
				CLANG_WARN_STRICT_PROTOTYPES = YES;
				CLANG_WARN_SUSPICIOUS_MOVE = YES;
				CLANG_WARN_UNGUARDED_AVAILABILITY = YES_AGGRESSIVE;
				CLANG_WARN_UNREACHABLE_CODE = YES;
				CLANG_WARN__DUPLICATE_METHOD_MATCH = YES;
				COPY_PHASE_STRIP = NO;
				DEBUG_INFORMATION_FORMAT = "dwarf-with-dsym";
				ENABLE_NS_ASSERTIONS = NO;
				ENABLE_STRICT_OBJC_MSGSEND = YES;
				GCC_C_LANGUAGE_STANDARD = gnu11;
				GCC_NO_COMMON_BLOCKS = YES;
				GCC_WARN_64_TO_32_BIT_CONVERSION = YES;
				GCC_WARN_ABOUT_RETURN_TYPE = YES_ERROR;
				GCC_WARN_UNDECLARED_SELECTOR = YES;
				GCC_WARN_UNINITIALIZED_AUTOS = YES_AGGRESSIVE;
				GCC_WARN_UNUSED_FUNCTION = YES;
				GCC_WARN_UNUSED_VARIABLE = YES;
				IPHONEOS_DEPLOYMENT_TARGET = 16.0;
				MTL_ENABLE_DEBUG_INFO = NO;
				MTL_FAST_MATH = YES;
				SDKROOT = iphoneos;
				SWIFT_COMPILATION_MODE = wholemodule;
				SWIFT_OPTIMIZATION_LEVEL = "-O";
				VALIDATE_PRODUCT = YES;
			};
			name = Release;
		};
		897A24C329747F1C00179D1F /* Debug */ = {
			isa = XCBuildConfiguration;
			buildSettings = {
				ASSETCATALOG_COMPILER_APPICON_NAME = AppIcon;
				ASSETCATALOG_COMPILER_GLOBAL_ACCENT_COLOR_NAME = AccentColor;
				CODE_SIGN_STYLE = Automatic;
				CURRENT_PROJECT_VERSION = 1;
				DEVELOPMENT_ASSET_PATHS = "\"SlidersColor2.0_SwiftUI/Preview Content\"";
				DEVELOPMENT_TEAM = Q3MFB2HYJJ;
				ENABLE_PREVIEWS = YES;
				GENERATE_INFOPLIST_FILE = YES;
				INFOPLIST_KEY_UIApplicationSceneManifest_Generation = YES;
				INFOPLIST_KEY_UIApplicationSupportsIndirectInputEvents = YES;
				INFOPLIST_KEY_UILaunchScreen_Generation = YES;
				INFOPLIST_KEY_UISupportedInterfaceOrientations_iPad = "UIInterfaceOrientationPortrait UIInterfaceOrientationPortraitUpsideDown UIInterfaceOrientationLandscapeLeft UIInterfaceOrientationLandscapeRight";
				INFOPLIST_KEY_UISupportedInterfaceOrientations_iPhone = "UIInterfaceOrientationPortrait UIInterfaceOrientationLandscapeLeft UIInterfaceOrientationLandscapeRight";
				LD_RUNPATH_SEARCH_PATHS = (
					"$(inherited)",
					"@executable_path/Frameworks",
				);
				MARKETING_VERSION = 1.0;
				PRODUCT_BUNDLE_IDENTIFIER = "grizzlyq.SlidersColor2-0-SwiftUI";
				PRODUCT_NAME = "$(TARGET_NAME)";
				SWIFT_EMIT_LOC_STRINGS = YES;
				SWIFT_VERSION = 5.0;
				TARGETED_DEVICE_FAMILY = "1,2";
			};
			name = Debug;
		};
		897A24C429747F1C00179D1F /* Release */ = {
			isa = XCBuildConfiguration;
			buildSettings = {
				ASSETCATALOG_COMPILER_APPICON_NAME = AppIcon;
				ASSETCATALOG_COMPILER_GLOBAL_ACCENT_COLOR_NAME = AccentColor;
				CODE_SIGN_STYLE = Automatic;
				CURRENT_PROJECT_VERSION = 1;
				DEVELOPMENT_ASSET_PATHS = "\"SlidersColor2.0_SwiftUI/Preview Content\"";
				DEVELOPMENT_TEAM = Q3MFB2HYJJ;
				ENABLE_PREVIEWS = YES;
				GENERATE_INFOPLIST_FILE = YES;
				INFOPLIST_KEY_UIApplicationSceneManifest_Generation = YES;
				INFOPLIST_KEY_UIApplicationSupportsIndirectInputEvents = YES;
				INFOPLIST_KEY_UILaunchScreen_Generation = YES;
				INFOPLIST_KEY_UISupportedInterfaceOrientations_iPad = "UIInterfaceOrientationPortrait UIInterfaceOrientationPortraitUpsideDown UIInterfaceOrientationLandscapeLeft UIInterfaceOrientationLandscapeRight";
				INFOPLIST_KEY_UISupportedInterfaceOrientations_iPhone = "UIInterfaceOrientationPortrait UIInterfaceOrientationLandscapeLeft UIInterfaceOrientationLandscapeRight";
				LD_RUNPATH_SEARCH_PATHS = (
					"$(inherited)",
					"@executable_path/Frameworks",
				);
				MARKETING_VERSION = 1.0;
				PRODUCT_BUNDLE_IDENTIFIER = "grizzlyq.SlidersColor2-0-SwiftUI";
				PRODUCT_NAME = "$(TARGET_NAME)";
				SWIFT_EMIT_LOC_STRINGS = YES;
				SWIFT_VERSION = 5.0;
				TARGETED_DEVICE_FAMILY = "1,2";
			};
			name = Release;
		};
/* End XCBuildConfiguration section */

/* Begin XCConfigurationList section */
		897A24AF29747F1C00179D1F /* Build configuration list for PBXProject "SlidersColor2.0_SwiftUI" */ = {
			isa = XCConfigurationList;
			buildConfigurations = (
				897A24C029747F1C00179D1F /* Debug */,
				897A24C129747F1C00179D1F /* Release */,
			);
			defaultConfigurationIsVisible = 0;
			defaultConfigurationName = Release;
		};
		897A24C229747F1C00179D1F /* Build configuration list for PBXNativeTarget "SlidersColor2.0_SwiftUI" */ = {
			isa = XCConfigurationList;
			buildConfigurations = (
				897A24C329747F1C00179D1F /* Debug */,
				897A24C429747F1C00179D1F /* Release */,
			);
			defaultConfigurationIsVisible = 0;
			defaultConfigurationName = Release;
		};
/* End XCConfigurationList section */
	};
	rootObject = 897A24AC29747F1C00179D1F /* Project object */;
}
